
Microsoft Visual Studio Solution File, Format Version 12.00
# Visual Studio 15
VisualStudioVersion = 15.0.28307.329
MinimumVisualStudioVersion = 10.0.40219.1
Project("{FAE04EC0-301F-11D3-BF4B-00C04F79EFBC}") = "TheLegacyOldWebProject", "TheLegacyOldWebProject\TheLegacyOldWebProject.csproj", "{32D5D376-E2D7-42E7-802C-ACD273DBF224}"
EndProject
Global
	GlobalSection(SolutionConfigurationPlatforms) = preSolution
		Debug|Any CPU = Debug|Any CPU
		Release|Any CPU = Release|Any CPU
		Staging|Any CPU = Staging|Any CPU
	EndGlobalSection
	GlobalSection(ProjectConfigurationPlatforms) = postSolution
		{32D5D376-E2D7-42E7-802C-ACD273DBF224}.Debug|Any CPU.ActiveCfg = Debug|Any CPU
		{32D5D376-E2D7-42E7-802C-ACD273DBF224}.Debug|Any CPU.Build.0 = Debug|Any CPU
		{32D5D376-E2D7-42E7-802C-ACD273DBF224}.Release|Any CPU.ActiveCfg = Release|Any CPU
		{32D5D376-E2D7-42E7-802C-ACD273DBF224}.Release|Any CPU.Build.0 = Release|Any CPU
		{32D5D376-E2D7-42E7-802C-ACD273DBF224}.Staging|Any CPU.ActiveCfg = Staging|Any CPU
		{32D5D376-E2D7-42E7-802C-ACD273DBF224}.Staging|Any CPU.Build.0 = Staging|Any CPU
	EndGlobalSection
	GlobalSection(SolutionProperties) = preSolution
		HideSolutionNode = FALSE
	EndGlobalSection
	GlobalSection(ExtensibilityGlobals) = postSolution
		SolutionGuid = {C855690D-C445-431E-95F7-2E912E6B3355}
	EndGlobalSection
EndGlobal
