
Microsoft Visual Studio Solution File, Format Version 12.00
# Visual Studio 15
VisualStudioVersion = 15.0.28307.329
MinimumVisualStudioVersion = 10.0.40219.1
Project("{FAE04EC0-301F-11D3-BF4B-00C04F79EFBC}") = "MyFunctionApp", "MyFunctionApp\MyFunctionApp.csproj", "{7647C8F7-BDBF-45B3-B493-EA88C109FA00}"
EndProject
Global
	GlobalSection(SolutionConfigurationPlatforms) = preSolution
		Debug|Any CPU = Debug|Any CPU
		Release|Any CPU = Release|Any CPU
	EndGlobalSection
	GlobalSection(ProjectConfigurationPlatforms) = postSolution
		{7647C8F7-BDBF-45B3-B493-EA88C109FA00}.Debug|Any CPU.ActiveCfg = Debug|Any CPU
		{7647C8F7-BDBF-45B3-B493-EA88C109FA00}.Debug|Any CPU.Build.0 = Debug|Any CPU
		{7647C8F7-BDBF-45B3-B493-EA88C109FA00}.Release|Any CPU.ActiveCfg = Release|Any CPU
		{7647C8F7-BDBF-45B3-B493-EA88C109FA00}.Release|Any CPU.Build.0 = Release|Any CPU
	EndGlobalSection
	GlobalSection(SolutionProperties) = preSolution
		HideSolutionNode = FALSE
	EndGlobalSection
	GlobalSection(ExtensibilityGlobals) = postSolution
		SolutionGuid = {4D256BEE-285B-4968-A2B8-88B1E60E1ACD}
	EndGlobalSection
EndGlobal
